
Microsoft Visual Studio Solution File, Format Version 12.00
# Visual Studio 2013
VisualStudioVersion = 12.0.21005.1
MinimumVisualStudioVersion = 10.0.40219.1
Project("{2150E333-8FDC-42A3-9474-1A3956D46DE8}") = "Common", "Common", "{7D628DED-C95E-40E9-8248-F9E8285CD2F3}"
EndProject
Project("{2150E333-8FDC-42A3-9474-1A3956D46DE8}") = ".nuget", ".nuget", "{73B1BFEF-A397-4963-B4C3-46310C6F125B}"
	ProjectSection(SolutionItems) = preProject
		.nuget\NuGet.Config = .nuget\NuGet.Config
		.nuget\NuGet.exe = .nuget\NuGet.exe
		.nuget\NuGet.targets = .nuget\NuGet.targets
	EndProjectSection
EndProject
Project("{2150E333-8FDC-42A3-9474-1A3956D46DE8}") = ".nuspec", ".nuspec", "{C6A569B9-DEA5-4F67-ACF3-3324EF03E391}"
	ProjectSection(SolutionItems) = preProject
		source\Common\Common.nuspec = source\Common\Common.nuspec
		source\Domain\Domain.nuspec = source\Domain\Domain.nuspec
		source\NHibernate\NHibernate.nuspec = source\NHibernate\NHibernate.nuspec
	EndProjectSection
EndProject
Project("{FAE04EC0-301F-11D3-BF4B-00C04F79EFBC}") = "Common", "source\Common\Common.csproj", "{BD9BFCBF-3C20-4939-8DB9-E8C7CCFCCC93}"
EndProject
Project("{FAE04EC0-301F-11D3-BF4B-00C04F79EFBC}") = "Common.Tests", "source\Common.Tests\Common.Tests.csproj", "{993CA611-6659-48B0-A67D-E54482CE5E9F}"
EndProject
Project("{2150E333-8FDC-42A3-9474-1A3956D46DE8}") = "SolutionItems", "SolutionItems", "{F666A03E-956B-4905-9A14-97C906FF91C5}"
	ProjectSection(SolutionItems) = preProject
		GlobalAssemblyInfo.cs = GlobalAssemblyInfo.cs
		.nuget\Pack.bat = .nuget\Pack.bat
	EndProjectSection
EndProject
Project("{2150E333-8FDC-42A3-9474-1A3956D46DE8}") = "Domain", "Domain", "{7ACFE3B1-45EF-4E74-95BA-549D1295EAE4}"
EndProject
Project("{FAE04EC0-301F-11D3-BF4B-00C04F79EFBC}") = "Domain", "source\Domain\Domain.csproj", "{AB2BA4FC-1456-4EAD-9FBF-C2A64B4A7006}"
EndProject
Project("{2150E333-8FDC-42A3-9474-1A3956D46DE8}") = "DataAccess", "DataAccess", "{B176ED6C-CED1-47F2-8600-0DA508298B5B}"
EndProject
Project("{FAE04EC0-301F-11D3-BF4B-00C04F79EFBC}") = "NHibernate", "source\NHibernate\NHibernate.csproj", "{3CC602C1-739D-48D5-B239-BAFB8CD33B4E}"
EndProject
Project("{FAE04EC0-301F-11D3-BF4B-00C04F79EFBC}") = "NHibernate.Conventions", "source\NHibernate.Conventions\NHibernate.Conventions.csproj", "{3B88EC99-2883-45A0-BB7A-C23366CE10F6}"
EndProject
Project("{FAE04EC0-301F-11D3-BF4B-00C04F79EFBC}") = "Domain.Tests", "source\Domain.Tests\Domain.Tests.csproj", "{D26A256B-F218-47D7-A309-11FAD6A88158}"
EndProject
Global
	GlobalSection(SolutionConfigurationPlatforms) = preSolution
		Debug|Any CPU = Debug|Any CPU
		Release|Any CPU = Release|Any CPU
	EndGlobalSection
	GlobalSection(ProjectConfigurationPlatforms) = postSolution
		{BD9BFCBF-3C20-4939-8DB9-E8C7CCFCCC93}.Debug|Any CPU.ActiveCfg = Debug|Any CPU
		{BD9BFCBF-3C20-4939-8DB9-E8C7CCFCCC93}.Debug|Any CPU.Build.0 = Debug|Any CPU
		{BD9BFCBF-3C20-4939-8DB9-E8C7CCFCCC93}.Release|Any CPU.ActiveCfg = Release|Any CPU
		{BD9BFCBF-3C20-4939-8DB9-E8C7CCFCCC93}.Release|Any CPU.Build.0 = Release|Any CPU
		{993CA611-6659-48B0-A67D-E54482CE5E9F}.Debug|Any CPU.ActiveCfg = Debug|Any CPU
		{993CA611-6659-48B0-A67D-E54482CE5E9F}.Debug|Any CPU.Build.0 = Debug|Any CPU
		{993CA611-6659-48B0-A67D-E54482CE5E9F}.Release|Any CPU.ActiveCfg = Release|Any CPU
		{993CA611-6659-48B0-A67D-E54482CE5E9F}.Release|Any CPU.Build.0 = Release|Any CPU
		{AB2BA4FC-1456-4EAD-9FBF-C2A64B4A7006}.Debug|Any CPU.ActiveCfg = Debug|Any CPU
		{AB2BA4FC-1456-4EAD-9FBF-C2A64B4A7006}.Debug|Any CPU.Build.0 = Debug|Any CPU
		{AB2BA4FC-1456-4EAD-9FBF-C2A64B4A7006}.Release|Any CPU.ActiveCfg = Release|Any CPU
		{AB2BA4FC-1456-4EAD-9FBF-C2A64B4A7006}.Release|Any CPU.Build.0 = Release|Any CPU
		{3CC602C1-739D-48D5-B239-BAFB8CD33B4E}.Debug|Any CPU.ActiveCfg = Debug|Any CPU
		{3CC602C1-739D-48D5-B239-BAFB8CD33B4E}.Debug|Any CPU.Build.0 = Debug|Any CPU
		{3CC602C1-739D-48D5-B239-BAFB8CD33B4E}.Release|Any CPU.ActiveCfg = Release|Any CPU
		{3CC602C1-739D-48D5-B239-BAFB8CD33B4E}.Release|Any CPU.Build.0 = Release|Any CPU
		{3B88EC99-2883-45A0-BB7A-C23366CE10F6}.Debug|Any CPU.ActiveCfg = Debug|Any CPU
		{3B88EC99-2883-45A0-BB7A-C23366CE10F6}.Debug|Any CPU.Build.0 = Debug|Any CPU
		{3B88EC99-2883-45A0-BB7A-C23366CE10F6}.Release|Any CPU.ActiveCfg = Release|Any CPU
		{3B88EC99-2883-45A0-BB7A-C23366CE10F6}.Release|Any CPU.Build.0 = Release|Any CPU
		{D26A256B-F218-47D7-A309-11FAD6A88158}.Debug|Any CPU.ActiveCfg = Debug|Any CPU
		{D26A256B-F218-47D7-A309-11FAD6A88158}.Debug|Any CPU.Build.0 = Debug|Any CPU
		{D26A256B-F218-47D7-A309-11FAD6A88158}.Release|Any CPU.ActiveCfg = Release|Any CPU
		{D26A256B-F218-47D7-A309-11FAD6A88158}.Release|Any CPU.Build.0 = Release|Any CPU
	EndGlobalSection
	GlobalSection(SolutionProperties) = preSolution
		HideSolutionNode = FALSE
	EndGlobalSection
	GlobalSection(NestedProjects) = preSolution
		{BD9BFCBF-3C20-4939-8DB9-E8C7CCFCCC93} = {7D628DED-C95E-40E9-8248-F9E8285CD2F3}
		{993CA611-6659-48B0-A67D-E54482CE5E9F} = {7D628DED-C95E-40E9-8248-F9E8285CD2F3}
		{AB2BA4FC-1456-4EAD-9FBF-C2A64B4A7006} = {7ACFE3B1-45EF-4E74-95BA-549D1295EAE4}
		{D26A256B-F218-47D7-A309-11FAD6A88158} = {7ACFE3B1-45EF-4E74-95BA-549D1295EAE4}
		{3CC602C1-739D-48D5-B239-BAFB8CD33B4E} = {B176ED6C-CED1-47F2-8600-0DA508298B5B}
		{3B88EC99-2883-45A0-BB7A-C23366CE10F6} = {B176ED6C-CED1-47F2-8600-0DA508298B5B}
	EndGlobalSection
EndGlobal
